Microsoft Visual Studio Solution File, Format Version 12.00
# Visual Studio Version 17
VisualStudioVersion = 17.2.32616.157
MinimumVisualStudioVersion = 16.0.0.0
Project("{9A19103F-16F7-4668-BE54-9A1E7A4F7556}") = "engine_sim.Server", "Server\engine_sim.Server.csproj", "{2F9C54C6-49A0-40CA-BADB-AF5CD594AF94}"
EndProject
Project("{9A19103F-16F7-4668-BE54-9A1E7A4F7556}") = "engine_sim.Client", "Client\engine_sim.Client.csproj", "{2FB6EE72-7DB5-4DA1-9E3F-F6523655AF41}"
EndProject
Project("{9A19103F-16F7-4668-BE54-9A1E7A4F7556}") = "engine_sim.Shared", "Shared\engine_sim.Shared.csproj", "{2677EEEA-4C42-4C0D-9F91-06B8701C4460}"
EndProject
Project("{9A19103F-16F7-4668-BE54-9A1E7A4F7556}") = "CircuitPythonInterface", "CircuitPythonBoardManager\CircuitPythonInterface.csproj", "{2B40C6E4-76BA-46F6-AAA4-D26D8F8DEB31}"
EndProject
Project("{9A19103F-16F7-4668-BE54-9A1E7A4F7556}") = "Helpers", "Helpers\Helpers.csproj", "{4B7C3988-77FD-4F3E-AFAE-E1A7BFD1F0E0}"
EndProject
Global
	GlobalSection(SolutionConfigurationPlatforms) = preSolution
		Debug|Any CPU = Debug|Any CPU
		Debug|x64 = Debug|x64
		Debug|x86 = Debug|x86
		Release|Any CPU = Release|Any CPU
		Release|x64 = Release|x64
		Release|x86 = Release|x86
	EndGlobalSection
	GlobalSection(ProjectConfigurationPlatforms) = postSolution
		{2F9C54C6-49A0-40CA-BADB-AF5CD594AF94}.Debug|Any CPU.ActiveCfg = Debug|Any CPU
		{2F9C54C6-49A0-40CA-BADB-AF5CD594AF94}.Debug|Any CPU.Build.0 = Debug|Any CPU
		{2F9C54C6-49A0-40CA-BADB-AF5CD594AF94}.Debug|x64.ActiveCfg = Debug|Any CPU
		{2F9C54C6-49A0-40CA-BADB-AF5CD594AF94}.Debug|x64.Build.0 = Debug|Any CPU
		{2F9C54C6-49A0-40CA-BADB-AF5CD594AF94}.Debug|x86.ActiveCfg = Debug|Any CPU
		{2F9C54C6-49A0-40CA-BADB-AF5CD594AF94}.Debug|x86.Build.0 = Debug|Any CPU
		{2F9C54C6-49A0-40CA-BADB-AF5CD594AF94}.Release|Any CPU.ActiveCfg = Release|Any CPU
		{2F9C54C6-49A0-40CA-BADB-AF5CD594AF94}.Release|Any CPU.Build.0 = Release|Any CPU
		{2F9C54C6-49A0-40CA-BADB-AF5CD594AF94}.Release|x64.ActiveCfg = Release|Any CPU
		{2F9C54C6-49A0-40CA-BADB-AF5CD594AF94}.Release|x64.Build.0 = Release|Any CPU
		{2F9C54C6-49A0-40CA-BADB-AF5CD594AF94}.Release|x86.ActiveCfg = Release|Any CPU
		{2F9C54C6-49A0-40CA-BADB-AF5CD594AF94}.Release|x86.Build.0 = Release|Any CPU
		{2FB6EE72-7DB5-4DA1-9E3F-F6523655AF41}.Debug|Any CPU.ActiveCfg = Debug|Any CPU
		{2FB6EE72-7DB5-4DA1-9E3F-F6523655AF41}.Debug|Any CPU.Build.0 = Debug|Any CPU
		{2FB6EE72-7DB5-4DA1-9E3F-F6523655AF41}.Debug|x64.ActiveCfg = Debug|Any CPU
		{2FB6EE72-7DB5-4DA1-9E3F-F6523655AF41}.Debug|x64.Build.0 = Debug|Any CPU
		{2FB6EE72-7DB5-4DA1-9E3F-F6523655AF41}.Debug|x86.ActiveCfg = Debug|Any CPU
		{2FB6EE72-7DB5-4DA1-9E3F-F6523655AF41}.Debug|x86.Build.0 = Debug|Any CPU
		{2FB6EE72-7DB5-4DA1-9E3F-F6523655AF41}.Release|Any CPU.ActiveCfg = Release|Any CPU
		{2FB6EE72-7DB5-4DA1-9E3F-F6523655AF41}.Release|Any CPU.Build.0 = Release|Any CPU
		{2FB6EE72-7DB5-4DA1-9E3F-F6523655AF41}.Release|x64.ActiveCfg = Release|Any CPU
		{2FB6EE72-7DB5-4DA1-9E3F-F6523655AF41}.Release|x64.Build.0 = Release|Any CPU
		{2FB6EE72-7DB5-4DA1-9E3F-F6523655AF41}.Release|x86.ActiveCfg = Release|Any CPU
		{2FB6EE72-7DB5-4DA1-9E3F-F6523655AF41}.Release|x86.Build.0 = Release|Any CPU
		{2677EEEA-4C42-4C0D-9F91-06B8701C4460}.Debug|Any CPU.ActiveCfg = Debug|Any CPU
		{2677EEEA-4C42-4C0D-9F91-06B8701C4460}.Debug|Any CPU.Build.0 = Debug|Any CPU
		{2677EEEA-4C42-4C0D-9F91-06B8701C4460}.Debug|x64.ActiveCfg = Debug|Any CPU
		{2677EEEA-4C42-4C0D-9F91-06B8701C4460}.Debug|x64.Build.0 = Debug|Any CPU
		{2677EEEA-4C42-4C0D-9F91-06B8701C4460}.Debug|x86.ActiveCfg = Debug|Any CPU
		{2677EEEA-4C42-4C0D-9F91-06B8701C4460}.Debug|x86.Build.0 = Debug|Any CPU
		{2677EEEA-4C42-4C0D-9F91-06B8701C4460}.Release|Any CPU.ActiveCfg = Release|Any CPU
		{2677EEEA-4C42-4C0D-9F91-06B8701C4460}.Release|Any CPU.Build.0 = Release|Any CPU
		{2677EEEA-4C42-4C0D-9F91-06B8701C4460}.Release|x64.ActiveCfg = Release|Any CPU
		{2677EEEA-4C42-4C0D-9F91-06B8701C4460}.Release|x64.Build.0 = Release|Any CPU
		{2677EEEA-4C42-4C0D-9F91-06B8701C4460}.Release|x86.ActiveCfg = Release|Any CPU
		{2677EEEA-4C42-4C0D-9F91-06B8701C4460}.Release|x86.Build.0 = Release|Any CPU
		{2B40C6E4-76BA-46F6-AAA4-D26D8F8DEB31}.Debug|Any CPU.ActiveCfg = Debug|Any CPU
		{2B40C6E4-76BA-46F6-AAA4-D26D8F8DEB31}.Debug|Any CPU.Build.0 = Debug|Any CPU
		{2B40C6E4-76BA-46F6-AAA4-D26D8F8DEB31}.Debug|x64.ActiveCfg = Debug|Any CPU
		{2B40C6E4-76BA-46F6-AAA4-D26D8F8DEB31}.Debug|x64.Build.0 = Debug|Any CPU
		{2B40C6E4-76BA-46F6-AAA4-D26D8F8DEB31}.Debug|x86.ActiveCfg = Debug|Any CPU
		{2B40C6E4-76BA-46F6-AAA4-D26D8F8DEB31}.Debug|x86.Build.0 = Debug|Any CPU
		{2B40C6E4-76BA-46F6-AAA4-D26D8F8DEB31}.Release|Any CPU.ActiveCfg = Release|Any CPU
		{2B40C6E4-76BA-46F6-AAA4-D26D8F8DEB31}.Release|Any CPU.Build.0 = Release|Any CPU
		{2B40C6E4-76BA-46F6-AAA4-D26D8F8DEB31}.Release|x64.ActiveCfg = Release|Any CPU
		{2B40C6E4-76BA-46F6-AAA4-D26D8F8DEB31}.Release|x64.Build.0 = Release|Any CPU
		{2B40C6E4-76BA-46F6-AAA4-D26D8F8DEB31}.Release|x86.ActiveCfg = Release|Any CPU
		{2B40C6E4-76BA-46F6-AAA4-D26D8F8DEB31}.Release|x86.Build.0 = Release|Any CPU
		{4B7C3988-77FD-4F3E-AFAE-E1A7BFD1F0E0}.Debug|Any CPU.ActiveCfg = Debug|Any CPU
		{4B7C3988-77FD-4F3E-AFAE-E1A7BFD1F0E0}.Debug|Any CPU.Build.0 = Debug|Any CPU
		{4B7C3988-77FD-4F3E-AFAE-E1A7BFD1F0E0}.Debug|x64.ActiveCfg = Debug|Any CPU
		{4B7C3988-77FD-4F3E-AFAE-E1A7BFD1F0E0}.Debug|x64.Build.0 = Debug|Any CPU
		{4B7C3988-77FD-4F3E-AFAE-E1A7BFD1F0E0}.Debug|x86.ActiveCfg = Debug|Any CPU
		{4B7C3988-77FD-4F3E-AFAE-E1A7BFD1F0E0}.Debug|x86.Build.0 = Debug|Any CPU
		{4B7C3988-77FD-4F3E-AFAE-E1A7BFD1F0E0}.Release|Any CPU.ActiveCfg = Release|Any CPU
		{4B7C3988-77FD-4F3E-AFAE-E1A7BFD1F0E0}.Release|Any CPU.Build.0 = Release|Any CPU
		{4B7C3988-77FD-4F3E-AFAE-E1A7BFD1F0E0}.Release|x64.ActiveCfg = Release|Any CPU
		{4B7C3988-77FD-4F3E-AFAE-E1A7BFD1F0E0}.Release|x64.Build.0 = Release|Any CPU
		{4B7C3988-77FD-4F3E-AFAE-E1A7BFD1F0E0}.Release|x86.ActiveCfg = Release|Any CPU
		{4B7C3988-77FD-4F3E-AFAE-E1A7BFD1F0E0}.Release|x86.Build.0 = Release|Any CPU
	EndGlobalSection
	GlobalSection(SolutionProperties) = preSolution
		HideSolutionNode = FALSE
	EndGlobalSection
	GlobalSection(ExtensibilityGlobals) = postSolution
		SolutionGuid = {D7801523-431B-427A-A24B-73603A08F793}
	EndGlobalSection
EndGlobal
