
Microsoft Visual Studio Solution File, Format Version 12.00
# Visual Studio Version 17
VisualStudioVersion = 17.0.31903.59
MinimumVisualStudioVersion = 10.0.40219.1
Project("{9A19103F-16F7-4668-BE54-9A1E7A4F7556}") = "Server", "Server\Server.csproj", "{D5EC4720-B09C-4B67-87C7-2566778062F4}"
EndProject
Project("{9A19103F-16F7-4668-BE54-9A1E7A4F7556}") = "Client", "Client\Client.csproj", "{D528CA99-174B-45EE-9163-9D40F8409EBE}"
EndProject
Project("{9A19103F-16F7-4668-BE54-9A1E7A4F7556}") = "Shared", "Shared\Shared.csproj", "{3D64A804-7291-4204-8CD8-5F5D0F39FA43}"
EndProject
Project("{FAE04EC0-301F-11D3-BF4B-00C04F79EFBC}") = "WarpCoreController", "WarpCoreController\WarpCoreController.csproj", "{F6E8AAA2-8460-4474-8E87-DC13B04A8B2B}"
EndProject
Project("{9A19103F-16F7-4668-BE54-9A1E7A4F7556}") = "Helpers", "Helpers\Helpers.csproj", "{2DE9D5C8-5299-437C-ABAF-41DEFF295B55}"
EndProject
Project("{9A19103F-16F7-4668-BE54-9A1E7A4F7556}") = "rpi_kens", "rpi_kens\rpi_kens.csproj", "{7A2E6C8B-5306-4C63-962E-39D64E2759BE}"
EndProject
Global
	GlobalSection(SolutionConfigurationPlatforms) = preSolution
		Debug|Any CPU = Debug|Any CPU
		Release|Any CPU = Release|Any CPU
	EndGlobalSection
	GlobalSection(ProjectConfigurationPlatforms) = postSolution
		{D5EC4720-B09C-4B67-87C7-2566778062F4}.Debug|Any CPU.ActiveCfg = Debug|Any CPU
		{D5EC4720-B09C-4B67-87C7-2566778062F4}.Debug|Any CPU.Build.0 = Debug|Any CPU
		{D5EC4720-B09C-4B67-87C7-2566778062F4}.Release|Any CPU.ActiveCfg = Release|Any CPU
		{D5EC4720-B09C-4B67-87C7-2566778062F4}.Release|Any CPU.Build.0 = Release|Any CPU
		{D528CA99-174B-45EE-9163-9D40F8409EBE}.Debug|Any CPU.ActiveCfg = Debug|Any CPU
		{D528CA99-174B-45EE-9163-9D40F8409EBE}.Debug|Any CPU.Build.0 = Debug|Any CPU
		{D528CA99-174B-45EE-9163-9D40F8409EBE}.Release|Any CPU.ActiveCfg = Release|Any CPU
		{D528CA99-174B-45EE-9163-9D40F8409EBE}.Release|Any CPU.Build.0 = Release|Any CPU
		{3D64A804-7291-4204-8CD8-5F5D0F39FA43}.Debug|Any CPU.ActiveCfg = Debug|Any CPU
		{3D64A804-7291-4204-8CD8-5F5D0F39FA43}.Debug|Any CPU.Build.0 = Debug|Any CPU
		{3D64A804-7291-4204-8CD8-5F5D0F39FA43}.Release|Any CPU.ActiveCfg = Release|Any CPU
		{3D64A804-7291-4204-8CD8-5F5D0F39FA43}.Release|Any CPU.Build.0 = Release|Any CPU
		{F6E8AAA2-8460-4474-8E87-DC13B04A8B2B}.Debug|Any CPU.ActiveCfg = Debug|Any CPU
		{F6E8AAA2-8460-4474-8E87-DC13B04A8B2B}.Debug|Any CPU.Build.0 = Debug|Any CPU
		{F6E8AAA2-8460-4474-8E87-DC13B04A8B2B}.Release|Any CPU.ActiveCfg = Release|Any CPU
		{F6E8AAA2-8460-4474-8E87-DC13B04A8B2B}.Release|Any CPU.Build.0 = Release|Any CPU
		{2DE9D5C8-5299-437C-ABAF-41DEFF295B55}.Debug|Any CPU.ActiveCfg = Debug|Any CPU
		{2DE9D5C8-5299-437C-ABAF-41DEFF295B55}.Debug|Any CPU.Build.0 = Debug|Any CPU
		{2DE9D5C8-5299-437C-ABAF-41DEFF295B55}.Release|Any CPU.ActiveCfg = Release|Any CPU
		{2DE9D5C8-5299-437C-ABAF-41DEFF295B55}.Release|Any CPU.Build.0 = Release|Any CPU
		{7A2E6C8B-5306-4C63-962E-39D64E2759BE}.Debug|Any CPU.ActiveCfg = Debug|Any CPU
		{7A2E6C8B-5306-4C63-962E-39D64E2759BE}.Debug|Any CPU.Build.0 = Debug|Any CPU
		{7A2E6C8B-5306-4C63-962E-39D64E2759BE}.Release|Any CPU.ActiveCfg = Release|Any CPU
		{7A2E6C8B-5306-4C63-962E-39D64E2759BE}.Release|Any CPU.Build.0 = Release|Any CPU
	EndGlobalSection
	GlobalSection(SolutionProperties) = preSolution
		HideSolutionNode = FALSE
	EndGlobalSection
	GlobalSection(ExtensibilityGlobals) = postSolution
		SolutionGuid = {C9BD2F4C-75B1-43C5-8D25-93FA693CE449}
	EndGlobalSection
EndGlobal
